
Microsoft Visual Studio Solution File, Format Version 12.00
# Visual Studio Version 17
VisualStudioVersion = 17.11.35017.193
MinimumVisualStudioVersion = 10.0.40219.1
Project("{FAE04EC0-301F-11D3-BF4B-00C04F79EFBC}") = "textova analyza", "textova analyza.csproj", "{B500CD0F-4BC8-4BBD-AD71-66E03E4888CA}"
EndProject
Global
	GlobalSection(SolutionConfigurationPlatforms) = preSolution
		Debug|Any CPU = Debug|Any CPU
		Release|Any CPU = Release|Any CPU
	EndGlobalSection
	GlobalSection(ProjectConfigurationPlatforms) = postSolution
		{B500CD0F-4BC8-4BBD-AD71-66E03E4888CA}.Debug|Any CPU.ActiveCfg = Debug|Any CPU
		{B500CD0F-4BC8-4BBD-AD71-66E03E4888CA}.Debug|Any CPU.Build.0 = Debug|Any CPU
		{B500CD0F-4BC8-4BBD-AD71-66E03E4888CA}.Release|Any CPU.ActiveCfg = Release|Any CPU
		{B500CD0F-4BC8-4BBD-AD71-66E03E4888CA}.Release|Any CPU.Build.0 = Release|Any CPU
	EndGlobalSection
	GlobalSection(SolutionProperties) = preSolution
		HideSolutionNode = FALSE
	EndGlobalSection
	GlobalSection(ExtensibilityGlobals) = postSolution
		SolutionGuid = {86378F80-8187-40C8-94FA-0E5A61D2D80B}
	EndGlobalSection
EndGlobal
